// !$*UTF8*$!
{
	archiveVersion = 1;
	classes = {
	};
	objectVersion = 56;
	objects = {

/* Begin PBXBuildFile section */
		148467D92CC005E60083BBE0 /* AppDelegate.swift in Sources */ = {isa = PBXBuildFile; fileRef = 148467D82CC005E60083BBE0 /* AppDelegate.swift */; };
		148467DB2CC005E60083BBE0 /* ViewController.swift in Sources */ = {isa = PBXBuildFile; fileRef = 148467DA2CC005E60083BBE0 /* ViewController.swift */; };
		148467DD2CC005E70083BBE0 /* Assets.xcassets in Resources */ = {isa = PBXBuildFile; fileRef = 148467DC2CC005E70083BBE0 /* Assets.xcassets */; };
		148467E02CC005E70083BBE0 /* Base in Resources */ = {isa = PBXBuildFile; fileRef = 148467DF2CC005E70083BBE0 /* Base */; };
		148467EB2CC005E70083BBE0 /* ClipboardMonitorTests.swift in Sources */ = {isa = PBXBuildFile; fileRef = 148467EA2CC005E70083BBE0 /* ClipboardMonitorTests.swift */; };
		148467F52CC005E70083BBE0 /* ClipboardMonitorUITests.swift in Sources */ = {isa = PBXBuildFile; fileRef = 148467F42CC005E70083BBE0 /* ClipboardMonitorUITests.swift */; };
		148467F72CC005E70083BBE0 /* ClipboardMonitorUITestsLaunchTests.swift in Sources */ = {isa = PBXBuildFile; fileRef = 148467F62CC005E70083BBE0 /* ClipboardMonitorUITestsLaunchTests.swift */; };
/* End PBXBuildFile section */

/* Begin PBXContainerItemProxy section */
		148467E72CC005E70083BBE0 /* PBXContainerItemProxy */ = {
			isa = PBXContainerItemProxy;
			containerPortal = 148467CD2CC005E50083BBE0 /* Project object */;
			proxyType = 1;
			remoteGlobalIDString = 148467D42CC005E50083BBE0;
			remoteInfo = ClipboardMonitor;
		};
		148467F12CC005E70083BBE0 /* PBXContainerItemProxy */ = {
			isa = PBXContainerItemProxy;
			containerPortal = 148467CD2CC005E50083BBE0 /* Project object */;
			proxyType = 1;
			remoteGlobalIDString = 148467D42CC005E50083BBE0;
			remoteInfo = ClipboardMonitor;
		};
/* End PBXContainerItemProxy section */

/* Begin PBXFileReference section */
		148467D52CC005E60083BBE0 /* ClipboardMonitor.app */ = {isa = PBXFileReference; explicitFileType = wrapper.application; includeInIndex = 0; path = ClipboardMonitor.app; sourceTree = BUILT_PRODUCTS_DIR; };
		148467D82CC005E60083BBE0 /* AppDelegate.swift */ = {isa = PBXFileReference; lastKnownFileType = sourcecode.swift; path = AppDelegate.swift; sourceTree = "<group>"; };
		148467DA2CC005E60083BBE0 /* ViewController.swift */ = {isa = PBXFileReference; lastKnownFileType = sourcecode.swift; path = ViewController.swift; sourceTree = "<group>"; };
		148467DC2CC005E70083BBE0 /* Assets.xcassets */ = {isa = PBXFileReference; lastKnownFileType = folder.assetcatalog; path = Assets.xcassets; sourceTree = "<group>"; };
		148467DF2CC005E70083BBE0 /* Base */ = {isa = PBXFileReference; lastKnownFileType = file.storyboard; name = Base; path = Base.lproj/Main.storyboard; sourceTree = "<group>"; };
		148467E12CC005E70083BBE0 /* ClipboardMonitor.entitlements */ = {isa = PBXFileReference; lastKnownFileType = text.plist.entitlements; path = ClipboardMonitor.entitlements; sourceTree = "<group>"; };
		148467E62CC005E70083BBE0 /* ClipboardMonitorTests.xctest */ = {isa = PBXFileReference; explicitFileType = wrapper.cfbundle; includeInIndex = 0; path = ClipboardMonitorTests.xctest; sourceTree = BUILT_PRODUCTS_DIR; };
		148467EA2CC005E70083BBE0 /* ClipboardMonitorTests.swift */ = {isa = PBXFileReference; lastKnownFileType = sourcecode.swift; path = ClipboardMonitorTests.swift; sourceTree = "<group>"; };
		148467F02CC005E70083BBE0 /* ClipboardMonitorUITests.xctest */ = {isa = PBXFileReference; explicitFileType = wrapper.cfbundle; includeInIndex = 0; path = ClipboardMonitorUITests.xctest; sourceTree = BUILT_PRODUCTS_DIR; };
		148467F42CC005E70083BBE0 /* ClipboardMonitorUITests.swift */ = {isa = PBXFileReference; lastKnownFileType = sourcecode.swift; path = ClipboardMonitorUITests.swift; sourceTree = "<group>"; };
		148467F62CC005E70083BBE0 /* ClipboardMonitorUITestsLaunchTests.swift */ = {isa = PBXFileReference; lastKnownFileType = sourcecode.swift; path = ClipboardMonitorUITestsLaunchTests.swift; sourceTree = "<group>"; };
/* End PBXFileReference section */

/* Begin PBXFrameworksBuildPhase section */
		148467D22CC005E50083BBE0 /* Frameworks */ = {
			isa = PBXFrameworksBuildPhase;
			buildActionMask = 2147483647;
			files = (
			);
			runOnlyForDeploymentPostprocessing = 0;
		};
		148467E32CC005E70083BBE0 /* Frameworks */ = {
			isa = PBXFrameworksBuildPhase;
			buildActionMask = 2147483647;
			files = (
			);
			runOnlyForDeploymentPostprocessing = 0;
		};
		148467ED2CC005E70083BBE0 /* Frameworks */ = {
			isa = PBXFrameworksBuildPhase;
			buildActionMask = 2147483647;
			files = (
			);
			runOnlyForDeploymentPostprocessing = 0;
		};
/* End PBXFrameworksBuildPhase section */

/* Begin PBXGroup section */
		148467CC2CC005E50083BBE0 = {
			isa = PBXGroup;
			children = (
				148467D72CC005E60083BBE0 /* ClipboardMonitor */,
				148467E92CC005E70083BBE0 /* ClipboardMonitorTests */,
				148467F32CC005E70083BBE0 /* ClipboardMonitorUITests */,
				148467D62CC005E60083BBE0 /* Products */,
			);
			sourceTree = "<group>";
		};
		148467D62CC005E60083BBE0 /* Products */ = {
			isa = PBXGroup;
			children = (
				148467D52CC005E60083BBE0 /* ClipboardMonitor.app */,
				148467E62CC005E70083BBE0 /* ClipboardMonitorTests.xctest */,
				148467F02CC005E70083BBE0 /* ClipboardMonitorUITests.xctest */,
			);
			name = Products;
			sourceTree = "<group>";
		};
		148467D72CC005E60083BBE0 /* ClipboardMonitor */ = {
			isa = PBXGroup;
			children = (
				148467D82CC005E60083BBE0 /* AppDelegate.swift */,
				148467DA2CC005E60083BBE0 /* ViewController.swift */,
				148467DC2CC005E70083BBE0 /* Assets.xcassets */,
				148467DE2CC005E70083BBE0 /* Main.storyboard */,
				148467E12CC005E70083BBE0 /* ClipboardMonitor.entitlements */,
			);
			path = ClipboardMonitor;
			sourceTree = "<group>";
		};
		148467E92CC005E70083BBE0 /* ClipboardMonitorTests */ = {
			isa = PBXGroup;
			children = (
				148467EA2CC005E70083BBE0 /* ClipboardMonitorTests.swift */,
			);
			path = ClipboardMonitorTests;
			sourceTree = "<group>";
		};
		148467F32CC005E70083BBE0 /* ClipboardMonitorUITests */ = {
			isa = PBXGroup;
			children = (
				148467F42CC005E70083BBE0 /* ClipboardMonitorUITests.swift */,
				148467F62CC005E70083BBE0 /* ClipboardMonitorUITestsLaunchTests.swift */,
			);
			path = ClipboardMonitorUITests;
			sourceTree = "<group>";
		};
/* End PBXGroup section */

/* Begin PBXNativeTarget section */
		148467D42CC005E50083BBE0 /* ClipboardMonitor */ = {
			isa = PBXNativeTarget;
			buildConfigurationList = 148467FA2CC005E70083BBE0 /* Build configuration list for PBXNativeTarget "ClipboardMonitor" */;
			buildPhases = (
				148467D12CC005E50083BBE0 /* Sources */,
				148467D22CC005E50083BBE0 /* Frameworks */,
				148467D32CC005E50083BBE0 /* Resources */,
			);
			buildRules = (
			);
			dependencies = (
			);
			name = ClipboardMonitor;
			productName = ClipboardMonitor;
			productReference = 148467D52CC005E60083BBE0 /* ClipboardMonitor.app */;
			productType = "com.apple.product-type.application";
		};
		148467E52CC005E70083BBE0 /* ClipboardMonitorTests */ = {
			isa = PBXNativeTarget;
			buildConfigurationList = 148467FD2CC005E70083BBE0 /* Build configuration list for PBXNativeTarget "ClipboardMonitorTests" */;
			buildPhases = (
				148467E22CC005E70083BBE0 /* Sources */,
				148467E32CC005E70083BBE0 /* Frameworks */,
				148467E42CC005E70083BBE0 /* Resources */,
			);
			buildRules = (
			);
			dependencies = (
				148467E82CC005E70083BBE0 /* PBXTargetDependency */,
			);
			name = ClipboardMonitorTests;
			productName = ClipboardMonitorTests;
			productReference = 148467E62CC005E70083BBE0 /* ClipboardMonitorTests.xctest */;
			productType = "com.apple.product-type.bundle.unit-test";
		};
		148467EF2CC005E70083BBE0 /* ClipboardMonitorUITests */ = {
			isa = PBXNativeTarget;
			buildConfigurationList = 148468002CC005E70083BBE0 /* Build configuration list for PBXNativeTarget "ClipboardMonitorUITests" */;
			buildPhases = (
				148467EC2CC005E70083BBE0 /* Sources */,
				148467ED2CC005E70083BBE0 /* Frameworks */,
				148467EE2CC005E70083BBE0 /* Resources */,
			);
			buildRules = (
			);
			dependencies = (
				148467F22CC005E70083BBE0 /* PBXTargetDependency */,
			);
			name = ClipboardMonitorUITests;
			productName = ClipboardMonitorUITests;
			productReference = 148467F02CC005E70083BBE0 /* ClipboardMonitorUITests.xctest */;
			productType = "com.apple.product-type.bundle.ui-testing";
		};
/* End PBXNativeTarget section */

/* Begin PBXProject section */
		148467CD2CC005E50083BBE0 /* Project object */ = {
			isa = PBXProject;
			attributes = {
				BuildIndependentTargetsInParallel = 1;
				LastSwiftUpdateCheck = 1540;
				LastUpgradeCheck = 1540;
				TargetAttributes = {
					148467D42CC005E50083BBE0 = {
						CreatedOnToolsVersion = 15.4;
					};
					148467E52CC005E70083BBE0 = {
						CreatedOnToolsVersion = 15.4;
						TestTargetID = 148467D42CC005E50083BBE0;
					};
					148467EF2CC005E70083BBE0 = {
						CreatedOnToolsVersion = 15.4;
						TestTargetID = 148467D42CC005E50083BBE0;
					};
				};
			};
			buildConfigurationList = 148467D02CC005E50083BBE0 /* Build configuration list for PBXProject "ClipboardMonitor" */;
			compatibilityVersion = "Xcode 14.0";
			developmentRegion = en;
			hasScannedForEncodings = 0;
			knownRegions = (
				en,
				Base,
			);
			mainGroup = 148467CC2CC005E50083BBE0;
			productRefGroup = 148467D62CC005E60083BBE0 /* Products */;
			projectDirPath = "";
			projectRoot = "";
			targets = (
				148467D42CC005E50083BBE0 /* ClipboardMonitor */,
				148467E52CC005E70083BBE0 /* ClipboardMonitorTests */,
				148467EF2CC005E70083BBE0 /* ClipboardMonitorUITests */,
			);
		};
/* End PBXProject section */

/* Begin PBXResourcesBuildPhase section */
		148467D32CC005E50083BBE0 /* Resources */ = {
			isa = PBXResourcesBuildPhase;
			buildActionMask = 2147483647;
			files = (
				148467DD2CC005E70083BBE0 /* Assets.xcassets in Resources */,
				148467E02CC005E70083BBE0 /* Base in Resources */,
			);
			runOnlyForDeploymentPostprocessing = 0;
		};
		148467E42CC005E70083BBE0 /* Resources */ = {
			isa = PBXResourcesBuildPhase;
			buildActionMask = 2147483647;
			files = (
			);
			runOnlyForDeploymentPostprocessing = 0;
		};
		148467EE2CC005E70083BBE0 /* Resources */ = {
			isa = PBXResourcesBuildPhase;
			buildActionMask = 2147483647;
			files = (
			);
			runOnlyForDeploymentPostprocessing = 0;
		};
/* End PBXResourcesBuildPhase section */

/* Begin PBXSourcesBuildPhase section */
		148467D12CC005E50083BBE0 /* Sources */ = {
			isa = PBXSourcesBuildPhase;
			buildActionMask = 2147483647;
			files = (
				148467DB2CC005E60083BBE0 /* ViewController.swift in Sources */,
				148467D92CC005E60083BBE0 /* AppDelegate.swift in Sources */,
			);
			runOnlyForDeploymentPostprocessing = 0;
		};
		148467E22CC005E70083BBE0 /* Sources */ = {
			isa = PBXSourcesBuildPhase;
			buildActionMask = 2147483647;
			files = (
				148467EB2CC005E70083BBE0 /* ClipboardMonitorTests.swift in Sources */,
			);
			runOnlyForDeploymentPostprocessing = 0;
		};
		148467EC2CC005E70083BBE0 /* Sources */ = {
			isa = PBXSourcesBuildPhase;
			buildActionMask = 2147483647;
			files = (
				148467F72CC005E70083BBE0 /* ClipboardMonitorUITestsLaunchTests.swift in Sources */,
				148467F52CC005E70083BBE0 /* ClipboardMonitorUITests.swift in Sources */,
			);
			runOnlyForDeploymentPostprocessing = 0;
		};
/* End PBXSourcesBuildPhase section */

/* Begin PBXTargetDependency section */
		148467E82CC005E70083BBE0 /* PBXTargetDependency */ = {
			isa = PBXTargetDependency;
			target = 148467D42CC005E50083BBE0 /* ClipboardMonitor */;
			targetProxy = 148467E72CC005E70083BBE0 /* PBXContainerItemProxy */;
		};
		148467F22CC005E70083BBE0 /* PBXTargetDependency */ = {
			isa = PBXTargetDependency;
			target = 148467D42CC005E50083BBE0 /* ClipboardMonitor */;
			targetProxy = 148467F12CC005E70083BBE0 /* PBXContainerItemProxy */;
		};
/* End PBXTargetDependency section */

/* Begin PBXVariantGroup section */
		148467DE2CC005E70083BBE0 /* Main.storyboard */ = {
			isa = PBXVariantGroup;
			children = (
				148467DF2CC005E70083BBE0 /* Base */,
			);
			name = Main.storyboard;
			sourceTree = "<group>";
		};
/* End PBXVariantGroup section */

/* Begin XCBuildConfiguration section */
		148467F82CC005E70083BBE0 /* Debug */ = {
			isa = XCBuildConfiguration;
			buildSettings = {
				ALWAYS_SEARCH_USER_PATHS = NO;
				ASSETCATALOG_COMPILER_GENERATE_SWIFT_ASSET_SYMBOL_EXTENSIONS = YES;
				CLANG_ANALYZER_NONNULL = YES;
				CLANG_ANALYZER_NUMBER_OBJECT_CONVERSION = YES_AGGRESSIVE;
				CLANG_CXX_LANGUAGE_STANDARD = "gnu++20";
				CLANG_ENABLE_MODULES = YES;
				CLANG_ENABLE_OBJC_ARC = YES;
				CLANG_ENABLE_OBJC_WEAK = YES;
				CLANG_WARN_BLOCK_CAPTURE_AUTORELEASING = YES;
				CLANG_WARN_BOOL_CONVERSION = YES;
				CLANG_WARN_COMMA = YES;
				CLANG_WARN_CONSTANT_CONVERSION = YES;
				CLANG_WARN_DEPRECATED_OBJC_IMPLEMENTATIONS = YES;
				CLANG_WARN_DIRECT_OBJC_ISA_USAGE = YES_ERROR;
				CLANG_WARN_DOCUMENTATION_COMMENTS = YES;
				CLANG_WARN_EMPTY_BODY = YES;
				CLANG_WARN_ENUM_CONVERSION = YES;
				CLANG_WARN_INFINITE_RECURSION = YES;
				CLANG_WARN_INT_CONVERSION = YES;
				CLANG_WARN_NON_LITERAL_NULL_CONVERSION = YES;
				CLANG_WARN_OBJC_IMPLICIT_RETAIN_SELF = YES;
				CLANG_WARN_OBJC_LITERAL_CONVERSION = YES;
				CLANG_WARN_OBJC_ROOT_CLASS = YES_ERROR;
				CLANG_WARN_QUOTED_INCLUDE_IN_FRAMEWORK_HEADER = YES;
				CLANG_WARN_RANGE_LOOP_ANALYSIS = YES;
				CLANG_WARN_STRICT_PROTOTYPES = YES;
				CLANG_WARN_SUSPICIOUS_MOVE = YES;
				CLANG_WARN_UNGUARDED_AVAILABILITY = YES_AGGRESSIVE;
				CLANG_WARN_UNREACHABLE_CODE = YES;
				CLANG_WARN__DUPLICATE_METHOD_MATCH = YES;
				COPY_PHASE_STRIP = NO;
				DEBUG_INFORMATION_FORMAT = dwarf;
				ENABLE_STRICT_OBJC_MSGSEND = YES;
				ENABLE_TESTABILITY = YES;
				ENABLE_USER_SCRIPT_SANDBOXING = YES;
				GCC_C_LANGUAGE_STANDARD = gnu17;
				GCC_DYNAMIC_NO_PIC = NO;
				GCC_NO_COMMON_BLOCKS = YES;
				GCC_OPTIMIZATION_LEVEL = 0;
				GCC_PREPROCESSOR_DEFINITIONS = (
					"DEBUG=1",
					"$(inherited)",
				);
				GCC_WARN_64_TO_32_BIT_CONVERSION = YES;
				GCC_WARN_ABOUT_RETURN_TYPE = YES_ERROR;
				GCC_WARN_UNDECLARED_SELECTOR = YES;
				GCC_WARN_UNINITIALIZED_AUTOS = YES_AGGRESSIVE;
				GCC_WARN_UNUSED_FUNCTION = YES;
				GCC_WARN_UNUSED_VARIABLE = YES;
				LOCALIZATION_PREFERS_STRING_CATALOGS = YES;
				MACOSX_DEPLOYMENT_TARGET = 14.4;
				MTL_ENABLE_DEBUG_INFO = INCLUDE_SOURCE;
				MTL_FAST_MATH = YES;
				ONLY_ACTIVE_ARCH = YES;
				SDKROOT = macosx;
				SWIFT_ACTIVE_COMPILATION_CONDITIONS = "DEBUG $(inherited)";
				SWIFT_OPTIMIZATION_LEVEL = "-Onone";
			};
			name = Debug;
		};
		148467F92CC005E70083BBE0 /* Release */ = {
			isa = XCBuildConfiguration;
			buildSettings = {
				ALWAYS_SEARCH_USER_PATHS = NO;
				ASSETCATALOG_COMPILER_GENERATE_SWIFT_ASSET_SYMBOL_EXTENSIONS = YES;
				CLANG_ANALYZER_NONNULL = YES;
				CLANG_ANALYZER_NUMBER_OBJECT_CONVERSION = YES_AGGRESSIVE;
				CLANG_CXX_LANGUAGE_STANDARD = "gnu++20";
				CLANG_ENABLE_MODULES = YES;
				CLANG_ENABLE_OBJC_ARC = YES;
				CLANG_ENABLE_OBJC_WEAK = YES;
				CLANG_WARN_BLOCK_CAPTURE_AUTORELEASING = YES;
				CLANG_WARN_BOOL_CONVERSION = YES;
				CLANG_WARN_COMMA = YES;
				CLANG_WARN_CONSTANT_CONVERSION = YES;
				CLANG_WARN_DEPRECATED_OBJC_IMPLEMENTATIONS = YES;
				CLANG_WARN_DIRECT_OBJC_ISA_USAGE = YES_ERROR;
				CLANG_WARN_DOCUMENTATION_COMMENTS = YES;
				CLANG_WARN_EMPTY_BODY = YES;
				CLANG_WARN_ENUM_CONVERSION = YES;
				CLANG_WARN_INFINITE_RECURSION = YES;
				CLANG_WARN_INT_CONVERSION = YES;
				CLANG_WARN_NON_LITERAL_NULL_CONVERSION = YES;
				CLANG_WARN_OBJC_IMPLICIT_RETAIN_SELF = YES;
				CLANG_WARN_OBJC_LITERAL_CONVERSION = YES;
				CLANG_WARN_OBJC_ROOT_CLASS = YES_ERROR;
				CLANG_WARN_QUOTED_INCLUDE_IN_FRAMEWORK_HEADER = YES;
				CLANG_WARN_RANGE_LOOP_ANALYSIS = YES;
				CLANG_WARN_STRICT_PROTOTYPES = YES;
				CLANG_WARN_SUSPICIOUS_MOVE = YES;
				CLANG_WARN_UNGUARDED_AVAILABILITY = YES_AGGRESSIVE;
				CLANG_WARN_UNREACHABLE_CODE = YES;
				CLANG_WARN__DUPLICATE_METHOD_MATCH = YES;
				COPY_PHASE_STRIP = NO;
				DEBUG_INFORMATION_FORMAT = "dwarf-with-dsym";
				ENABLE_NS_ASSERTIONS = NO;
				ENABLE_STRICT_OBJC_MSGSEND = YES;
				ENABLE_USER_SCRIPT_SANDBOXING = YES;
				GCC_C_LANGUAGE_STANDARD = gnu17;
				GCC_NO_COMMON_BLOCKS = YES;
				GCC_WARN_64_TO_32_BIT_CONVERSION = YES;
				GCC_WARN_ABOUT_RETURN_TYPE = YES_ERROR;
				GCC_WARN_UNDECLARED_SELECTOR = YES;
				GCC_WARN_UNINITIALIZED_AUTOS = YES_AGGRESSIVE;
				GCC_WARN_UNUSED_FUNCTION = YES;
				GCC_WARN_UNUSED_VARIABLE = YES;
				LOCALIZATION_PREFERS_STRING_CATALOGS = YES;
				MACOSX_DEPLOYMENT_TARGET = 14.4;
				MTL_ENABLE_DEBUG_INFO = NO;
				MTL_FAST_MATH = YES;
				SDKROOT = macosx;
				SWIFT_COMPILATION_MODE = wholemodule;
			};
			name = Release;
		};
		148467FB2CC005E70083BBE0 /* Debug */ = {
			isa = XCBuildConfiguration;
			buildSettings = {
				ASSETCATALOG_COMPILER_APPICON_NAME = AppIcon;
				ASSETCATALOG_COMPILER_GLOBAL_ACCENT_COLOR_NAME = AccentColor;
				CODE_SIGN_ENTITLEMENTS = ClipboardMonitor/ClipboardMonitor.entitlements;
				CODE_SIGN_STYLE = Automatic;
				COMBINE_HIDPI_IMAGES = YES;
				CURRENT_PROJECT_VERSION = 1;
				DEVELOPMENT_TEAM = 6KZU3NSQ45;
				ENABLE_HARDENED_RUNTIME = YES;
				GENERATE_INFOPLIST_FILE = YES;
				INFOPLIST_KEY_NSHumanReadableCopyright = "";
				INFOPLIST_KEY_NSMainStoryboardFile = Main;
				INFOPLIST_KEY_NSPrincipalClass = NSApplication;
				LD_RUNPATH_SEARCH_PATHS = (
					"$(inherited)",
					"@executable_path/../Frameworks",
				);
				MARKETING_VERSION = 1.0;
				PRODUCT_BUNDLE_IDENTIFIER = wtx.ClipboardMonitor;
				PRODUCT_NAME = "$(TARGET_NAME)";
				SWIFT_EMIT_LOC_STRINGS = YES;
				SWIFT_VERSION = 5.0;
			};
			name = Debug;
		};
		148467FC2CC005E70083BBE0 /* Release */ = {
			isa = XCBuildConfiguration;
			buildSettings = {
				ASSETCATALOG_COMPILER_APPICON_NAME = AppIcon;
				ASSETCATALOG_COMPILER_GLOBAL_ACCENT_COLOR_NAME = AccentColor;
				CODE_SIGN_ENTITLEMENTS = ClipboardMonitor/ClipboardMonitor.entitlements;
				CODE_SIGN_STYLE = Automatic;
				COMBINE_HIDPI_IMAGES = YES;
				CURRENT_PROJECT_VERSION = 1;
				DEVELOPMENT_TEAM = 6KZU3NSQ45;
				ENABLE_HARDENED_RUNTIME = YES;
				GENERATE_INFOPLIST_FILE = YES;
				INFOPLIST_KEY_NSHumanReadableCopyright = "";
				INFOPLIST_KEY_NSMainStoryboardFile = Main;
				INFOPLIST_KEY_NSPrincipalClass = NSApplication;
				LD_RUNPATH_SEARCH_PATHS = (
					"$(inherited)",
					"@executable_path/../Frameworks",
				);
				MARKETING_VERSION = 1.0;
				PRODUCT_BUNDLE_IDENTIFIER = wtx.ClipboardMonitor;
				PRODUCT_NAME = "$(TARGET_NAME)";
				SWIFT_EMIT_LOC_STRINGS = YES;
				SWIFT_VERSION = 5.0;
			};
			name = Release;
		};
		148467FE2CC005E70083BBE0 /* Debug */ = {
			isa = XCBuildConfiguration;
			buildSettings = {
				ALWAYS_EMBED_SWIFT_STANDARD_LIBRARIES = YES;
				BUNDLE_LOADER = "$(TEST_HOST)";
				CODE_SIGN_STYLE = Automatic;
				CURRENT_PROJECT_VERSION = 1;
				DEVELOPMENT_TEAM = 6KZU3NSQ45;
				GENERATE_INFOPLIST_FILE = YES;
				MACOSX_DEPLOYMENT_TARGET = 14.4;
				MARKETING_VERSION = 1.0;
				PRODUCT_BUNDLE_IDENTIFIER = wtx.ClipboardMonitorTests;
				PRODUCT_NAME = "$(TARGET_NAME)";
				SWIFT_EMIT_LOC_STRINGS = NO;
				SWIFT_VERSION = 5.0;
				TEST_HOST = "$(BUILT_PRODUCTS_DIR)/ClipboardMonitor.app/$(BUNDLE_EXECUTABLE_FOLDER_PATH)/ClipboardMonitor";
			};
			name = Debug;
		};
		148467FF2CC005E70083BBE0 /* Release */ = {
			isa = XCBuildConfiguration;
			buildSettings = {
				ALWAYS_EMBED_SWIFT_STANDARD_LIBRARIES = YES;
				BUNDLE_LOADER = "$(TEST_HOST)";
				CODE_SIGN_STYLE = Automatic;
				CURRENT_PROJECT_VERSION = 1;
				DEVELOPMENT_TEAM = 6KZU3NSQ45;
				GENERATE_INFOPLIST_FILE = YES;
				MACOSX_DEPLOYMENT_TARGET = 14.4;
				MARKETING_VERSION = 1.0;
				PRODUCT_BUNDLE_IDENTIFIER = wtx.ClipboardMonitorTests;
				PRODUCT_NAME = "$(TARGET_NAME)";
				SWIFT_EMIT_LOC_STRINGS = NO;
				SWIFT_VERSION = 5.0;
				TEST_HOST = "$(BUILT_PRODUCTS_DIR)/ClipboardMonitor.app/$(BUNDLE_EXECUTABLE_FOLDER_PATH)/ClipboardMonitor";
			};
			name = Release;
		};
		148468012CC005E70083BBE0 /* Debug */ = {
			isa = XCBuildConfiguration;
			buildSettings = {
				ALWAYS_EMBED_SWIFT_STANDARD_LIBRARIES = YES;
				CODE_SIGN_STYLE = Automatic;
				CURRENT_PROJECT_VERSION = 1;
				DEVELOPMENT_TEAM = 6KZU3NSQ45;
				GENERATE_INFOPLIST_FILE = YES;
				MARKETING_VERSION = 1.0;
				PRODUCT_BUNDLE_IDENTIFIER = wtx.ClipboardMonitorUITests;
				PRODUCT_NAME = "$(TARGET_NAME)";
				SWIFT_EMIT_LOC_STRINGS = NO;
				SWIFT_VERSION = 5.0;
				TEST_TARGET_NAME = ClipboardMonitor;
			};
			name = Debug;
		};
		148468022CC005E70083BBE0 /* Release */ = {
			isa = XCBuildConfiguration;
			buildSettings = {
				ALWAYS_EMBED_SWIFT_STANDARD_LIBRARIES = YES;
				CODE_SIGN_STYLE = Automatic;
				CURRENT_PROJECT_VERSION = 1;
				DEVELOPMENT_TEAM = 6KZU3NSQ45;
				GENERATE_INFOPLIST_FILE = YES;
				MARKETING_VERSION = 1.0;
				PRODUCT_BUNDLE_IDENTIFIER = wtx.ClipboardMonitorUITests;
				PRODUCT_NAME = "$(TARGET_NAME)";
				SWIFT_EMIT_LOC_STRINGS = NO;
				SWIFT_VERSION = 5.0;
				TEST_TARGET_NAME = ClipboardMonitor;
			};
			name = Release;
		};
/* End XCBuildConfiguration section */

/* Begin XCConfigurationList section */
		148467D02CC005E50083BBE0 /* Build configuration list for PBXProject "ClipboardMonitor" */ = {
			isa = XCConfigurationList;
			buildConfigurations = (
				148467F82CC005E70083BBE0 /* Debug */,
				148467F92CC005E70083BBE0 /* Release */,
			);
			defaultConfigurationIsVisible = 0;
			defaultConfigurationName = Release;
		};
		148467FA2CC005E70083BBE0 /* Build configuration list for PBXNativeTarget "ClipboardMonitor" */ = {
			isa = XCConfigurationList;
			buildConfigurations = (
				148467FB2CC005E70083BBE0 /* Debug */,
				148467FC2CC005E70083BBE0 /* Release */,
			);
			defaultConfigurationIsVisible = 0;
			defaultConfigurationName = Release;
		};
		148467FD2CC005E70083BBE0 /* Build configuration list for PBXNativeTarget "ClipboardMonitorTests" */ = {
			isa = XCConfigurationList;
			buildConfigurations = (
				148467FE2CC005E70083BBE0 /* Debug */,
				148467FF2CC005E70083BBE0 /* Release */,
			);
			defaultConfigurationIsVisible = 0;
			defaultConfigurationName = Release;
		};
		148468002CC005E70083BBE0 /* Build configuration list for PBXNativeTarget "ClipboardMonitorUITests" */ = {
			isa = XCConfigurationList;
			buildConfigurations = (
				148468012CC005E70083BBE0 /* Debug */,
				148468022CC005E70083BBE0 /* Release */,
			);
			defaultConfigurationIsVisible = 0;
			defaultConfigurationName = Release;
		};
/* End XCConfigurationList section */
	};
	rootObject = 148467CD2CC005E50083BBE0 /* Project object */;
}
